
Microsoft Visual Studio Solution File, Format Version 12.00
# Visual Studio Version 17
VisualStudioVersion = 17.7.34031.279
MinimumVisualStudioVersion = 10.0.40219.1
Project("{FAE04EC0-301F-11D3-BF4B-00C04F79EFBC}") = "Vehiclepicker", "Vehiclepicker\Vehiclepicker.csproj", "{5AD34E86-ADDE-4F49-B9F0-796B3BA3669A}"
EndProject
Global
	GlobalSection(SolutionConfigurationPlatforms) = preSolution
		Debug|Any CPU = Debug|Any CPU
		Release|Any CPU = Release|Any CPU
	EndGlobalSection
	GlobalSection(ProjectConfigurationPlatforms) = postSolution
		{5AD34E86-ADDE-4F49-B9F0-796B3BA3669A}.Debug|Any CPU.ActiveCfg = Debug|Any CPU
		{5AD34E86-ADDE-4F49-B9F0-796B3BA3669A}.Debug|Any CPU.Build.0 = Debug|Any CPU
		{5AD34E86-ADDE-4F49-B9F0-796B3BA3669A}.Release|Any CPU.ActiveCfg = Release|Any CPU
		{5AD34E86-ADDE-4F49-B9F0-796B3BA3669A}.Release|Any CPU.Build.0 = Release|Any CPU
	EndGlobalSection
	GlobalSection(SolutionProperties) = preSolution
		HideSolutionNode = FALSE
	EndGlobalSection
	GlobalSection(ExtensibilityGlobals) = postSolution
		SolutionGuid = {0E7BC387-7179-43A5-8F95-607BAA818C98}
	EndGlobalSection
EndGlobal
